{
    "_readme": [
        "This file locks the dependencies of your project to a known state",
        "Read more about it at https://getcomposer.org/doc/01-basic-usage.md#installing-dependencies",
        "This file is @generated automatically"
    ],
    "content-hash": "a806ee05a1176b69e7394fbf87a96ab2",
    "packages": [
        {
            "name": "spriebsch/eventstore",
            "version": "2.0.0",
            "source": {
                "type": "git",
                "url": "https://github.com/spriebsch/eventstore.git",
                "reference": "6aa32838d850847aff26bfeb296ba6516269611e"
            },
            "dist": {
                "type": "zip",
                "url": "https://api.github.com/repos/spriebsch/eventstore/zipball/6aa32838d850847aff26bfeb296ba6516269611e",
                "reference": "6aa32838d850847aff26bfeb296ba6516269611e",
                "shasum": ""
            },
            "require": {
                "ext-sqlite3": "*",
                "php": "^8.4",
                "spriebsch/sqlite": "^2.0",
                "spriebsch/timestamp": "^1.1",
                "spriebsch/uuid": "^1.0"
            },
            "require-dev": {
                "phpstan/phpstan": "^2.0"
            },
            "type": "library",
            "autoload": {
                "classmap": [
                    "src"
                ]
            },
            "notification-url": "https://packagist.org/downloads/",
            "license": [
                "BSD-3-Clause"
            ],
            "authors": [
                {
                    "name": "Stefan Priebsch",
                    "email": "stefan@priebsch.de",
                    "homepage": "https://priebsch.de",
                    "role": "Developer"
                }
            ],
            "description": "Lightweight Sqlite-based Event Store.",
            "support": {
                "issues": "https://github.com/spriebsch/eventstore/issues",
                "source": "https://github.com/spriebsch/eventstore/tree/2.0.0"
            },
            "time": "2025-04-29T15:06:07+00:00"
        },
        {
            "name": "spriebsch/filesystem",
            "version": "1.0.7",
            "source": {
                "type": "git",
                "url": "https://github.com/spriebsch/filesystem.git",
                "reference": "c94acb00d9c22a53a6f32f9a91379c903451c8f4"
            },
            "dist": {
                "type": "zip",
                "url": "https://api.github.com/repos/spriebsch/filesystem/zipball/c94acb00d9c22a53a6f32f9a91379c903451c8f4",
                "reference": "c94acb00d9c22a53a6f32f9a91379c903451c8f4",
                "shasum": ""
            },
            "require": {
                "ext-sqlite3": "*",
                "php": "^8.3"
            },
            "type": "library",
            "autoload": {
                "classmap": [
                    "src"
                ]
            },
            "notification-url": "https://packagist.org/downloads/",
            "license": [
                "BSD-3-Clause"
            ],
            "authors": [
                {
                    "name": "Stefan Priebsch",
                    "email": "stefan@priebsch.de",
                    "homepage": "https://priebsch.de",
                    "role": "Developer"
                }
            ],
            "description": "Lightweight object-oriented API to the filesystem.",
            "support": {
                "issues": "https://github.com/spriebsch/filesystem/issues",
                "source": "https://github.com/spriebsch/filesystem/tree/1.0.7"
            },
            "time": "2025-04-10T17:27:39+00:00"
        },
        {
            "name": "spriebsch/sqlite",
            "version": "2.0.0",
            "source": {
                "type": "git",
                "url": "https://github.com/spriebsch/sqlite.git",
                "reference": "e46d70767783b42c613b6bfea3f308759cee5259"
            },
            "dist": {
                "type": "zip",
                "url": "https://api.github.com/repos/spriebsch/sqlite/zipball/e46d70767783b42c613b6bfea3f308759cee5259",
                "reference": "e46d70767783b42c613b6bfea3f308759cee5259",
                "shasum": ""
            },
            "require": {
                "ext-sqlite3": "*",
                "php": "^8.3"
            },
            "type": "library",
            "autoload": {
                "classmap": [
                    "src"
                ]
            },
            "notification-url": "https://packagist.org/downloads/",
            "license": [
                "BSD-3-Clause"
            ],
            "authors": [
                {
                    "name": "Stefan Priebsch",
                    "email": "stefan@priebsch.de",
                    "homepage": "https://priebsch.de",
                    "role": "Developer"
                }
            ],
            "description": "Lightweight Sqlite wrapper with lazy connection and schema creation.",
            "support": {
                "issues": "https://github.com/spriebsch/sqlite/issues",
                "source": "https://github.com/spriebsch/sqlite/tree/2.0.0"
            },
            "time": "2025-04-29T14:58:44+00:00"
        },
        {
            "name": "spriebsch/timestamp",
            "version": "1.1.1",
            "source": {
                "type": "git",
                "url": "https://github.com/spriebsch/timestamp.git",
                "reference": "8eba43ac23dc443370c2651ce777942d8c0d7119"
            },
            "dist": {
                "type": "zip",
                "url": "https://api.github.com/repos/spriebsch/timestamp/zipball/8eba43ac23dc443370c2651ce777942d8c0d7119",
                "reference": "8eba43ac23dc443370c2651ce777942d8c0d7119",
                "shasum": ""
            },
            "require": {
                "php": "^8.3"
            },
            "type": "library",
            "autoload": {
                "classmap": [
                    "src"
                ]
            },
            "notification-url": "https://packagist.org/downloads/",
            "license": [
                "BSD-3-Clause"
            ],
            "authors": [
                {
                    "name": "Stefan Priebsch",
                    "email": "stefan@priebsch.de",
                    "homepage": "https://priebsch.de",
                    "role": "Developer"
                }
            ],
            "description": "A timestamp with microsecond granularity.",
            "support": {
                "issues": "https://github.com/spriebsch/timestamp/issues",
                "source": "https://github.com/spriebsch/timestamp/tree/1.1.1"
            },
            "time": "2025-04-10T17:22:26+00:00"
        },
        {
            "name": "spriebsch/uuid",
            "version": "1.0.3",
            "source": {
                "type": "git",
                "url": "https://github.com/spriebsch/UUID.git",
                "reference": "75325ce64ef16a005cbb9cd63d6d5c1a389b95f8"
            },
            "dist": {
                "type": "zip",
                "url": "https://api.github.com/repos/spriebsch/UUID/zipball/75325ce64ef16a005cbb9cd63d6d5c1a389b95f8",
                "reference": "75325ce64ef16a005cbb9cd63d6d5c1a389b95f8",
                "shasum": ""
            },
            "require": {
                "php": "^8.3"
            },
            "type": "library",
            "autoload": {
                "classmap": [
                    "src"
                ]
            },
            "notification-url": "https://packagist.org/downloads/",
            "license": [
                "BSD-3-Clause"
            ],
            "authors": [
                {
                    "name": "Stefan Priebsch",
                    "email": "stefan@priebsch.de",
                    "homepage": "https://priebsch.de",
                    "role": "Developer"
                }
            ],
            "description": "A fast and simple no-frills UUIDv4 implementation.",
            "support": {
                "issues": "https://github.com/spriebsch/UUID/issues",
                "source": "https://github.com/spriebsch/UUID/tree/1.0.3"
            },
            "time": "2024-09-09T20:59:41+00:00"
        }
    ],
    "packages-dev": [],
    "aliases": [],
    "minimum-stability": "stable",
    "stability-flags": {},
    "prefer-stable": true,
    "prefer-lowest": false,
    "platform": {
        "php": "^8.4",
        "ext-sqlite3": "*"
    },
    "platform-dev": {},
    "platform-overrides": {
        "php": "8.4"
    },
    "plugin-api-version": "2.6.0"
}
